PODS:
  - FloatingButton (1.3.0)
  - SwiftKeychainWrapper (4.0.1)
  - SwiftLint (0.58.1)

DEPENDENCIES:
  - FloatingButton
  - SwiftKeychainWrapper
  - SwiftLint

SPEC REPOS:
  trunk:
    - FloatingButton
    - SwiftKeychainWrapper
    - SwiftLint

SPEC CHECKSUMS:
  FloatingButton: 86f862465b950e053279b3c2ccbfee7f823688bf
  SwiftKeychainWrapper: 807ba1d63c33a7d0613288512399cd1eda1e470c
  SwiftLint: 6c8820d22c8f74baadd5684e00bb7356c34610a1

PODFILE CHECKSUM: b9b7c7c5fd653ec3ee0f6d25e8b23e6055f84f86

COCOAPODS: 1.16.2
