// !$*UTF8*$!
{
	archiveVersion = 1;
	classes = {
	};
	objectVersion = 70;
	objects = {

/* Begin PBXBuildFile section */
		187E0A0C9EE3EEC957DFE172 /* Pods_mistigri_mob_mistigri_mobUITests.framework in Frameworks */ = {isa = PBXBuildFile; fileRef = AF15E36D22DCB671784A64F3 /* Pods_mistigri_mob_mistigri_mobUITests.framework */; };
		3FE9ECD4085D09E5C7EA0B3C /* Pods_mistigri_mob.framework in Frameworks */ = {isa = PBXBuildFile; fileRef = 9DCF55B64FDEF1C649C906B3 /* Pods_mistigri_mob.framework */; };
		B0BC81D52D7DCD2900CC12A8 /* Coordinators in Frameworks */ = {isa = PBXBuildFile; productRef = B0BC81D42D7DCD2900CC12A8 /* Coordinators */; };
		FAE14FCCB1FD2097FC06D44E /* Pods_mistigri_mobTests.framework in Frameworks */ = {isa = PBXBuildFile; fileRef = F6BF95AA170614EEAF207184 /* Pods_mistigri_mobTests.framework */; };
/* End PBXBuildFile section */

/* Begin PBXContainerItemProxy section */
		B059AF8C2D7CA901003930C7 /* PBXContainerItemProxy */ = {
			isa = PBXContainerItemProxy;
			containerPortal = B059AF732D7CA900003930C7 /* Project object */;
			proxyType = 1;
			remoteGlobalIDString = B059AF7A2D7CA900003930C7;
			remoteInfo = mistigri_mob;
		};
		B059AF962D7CA901003930C7 /* PBXContainerItemProxy */ = {
			isa = PBXContainerItemProxy;
			containerPortal = B059AF732D7CA900003930C7 /* Project object */;
			proxyType = 1;
			remoteGlobalIDString = B059AF7A2D7CA900003930C7;
			remoteInfo = mistigri_mob;
		};
/* End PBXContainerItemProxy section */

/* Begin PBXFileReference section */
		102F926F29EE5AE52DD77778 /* Pods-mistigri_mob-mistigri_mobUITests.debug.xcconfig */ = {isa = PBXFileReference; includeInIndex = 1; lastKnownFileType = text.xcconfig; name = "Pods-mistigri_mob-mistigri_mobUITests.debug.xcconfig"; path = "Target Support Files/Pods-mistigri_mob-mistigri_mobUITests/Pods-mistigri_mob-mistigri_mobUITests.debug.xcconfig"; sourceTree = "<group>"; };
		2CA173348595358DF20D95F9 /* Pods-mistigri_mob-mistigri_mobUITests.release.xcconfig */ = {isa = PBXFileReference; includeInIndex = 1; lastKnownFileType = text.xcconfig; name = "Pods-mistigri_mob-mistigri_mobUITests.release.xcconfig"; path = "Target Support Files/Pods-mistigri_mob-mistigri_mobUITests/Pods-mistigri_mob-mistigri_mobUITests.release.xcconfig"; sourceTree = "<group>"; };
		7BCD476B80A4C50134921494 /* Pods-mistigri_mob.debug.xcconfig */ = {isa = PBXFileReference; includeInIndex = 1; lastKnownFileType = text.xcconfig; name = "Pods-mistigri_mob.debug.xcconfig"; path = "Target Support Files/Pods-mistigri_mob/Pods-mistigri_mob.debug.xcconfig"; sourceTree = "<group>"; };
		7E8F26FC8F3643257CA347F7 /* Pods-mistigri_mobTests.release.xcconfig */ = {isa = PBXFileReference; includeInIndex = 1; lastKnownFileType = text.xcconfig; name = "Pods-mistigri_mobTests.release.xcconfig"; path = "Target Support Files/Pods-mistigri_mobTests/Pods-mistigri_mobTests.release.xcconfig"; sourceTree = "<group>"; };
		8E490A0C5AD23CDD1A2A1C27 /* Pods-mistigri_mob.release.xcconfig */ = {isa = PBXFileReference; includeInIndex = 1; lastKnownFileType = text.xcconfig; name = "Pods-mistigri_mob.release.xcconfig"; path = "Target Support Files/Pods-mistigri_mob/Pods-mistigri_mob.release.xcconfig"; sourceTree = "<group>"; };
		9DCF55B64FDEF1C649C906B3 /* Pods_mistigri_mob.framework */ = {isa = PBXFileReference; explicitFileType = wrapper.framework; includeInIndex = 0; path = Pods_mistigri_mob.framework; sourceTree = BUILT_PRODUCTS_DIR; };
		AF15E36D22DCB671784A64F3 /* Pods_mistigri_mob_mistigri_mobUITests.framework */ = {isa = PBXFileReference; explicitFileType = wrapper.framework; includeInIndex = 0; path = Pods_mistigri_mob_mistigri_mobUITests.framework; sourceTree = BUILT_PRODUCTS_DIR; };
		B059AF7B2D7CA900003930C7 /* mistigri_mob.app */ = {isa = PBXFileReference; explicitFileType = wrapper.application; includeInIndex = 0; path = mistigri_mob.app; sourceTree = BUILT_PRODUCTS_DIR; };
		B059AF8B2D7CA901003930C7 /* mistigri_mobTests.xctest */ = {isa = PBXFileReference; explicitFileType = wrapper.cfbundle; includeInIndex = 0; path = mistigri_mobTests.xctest; sourceTree = BUILT_PRODUCTS_DIR; };
		B059AF952D7CA901003930C7 /* mistigri_mobUITests.xctest */ = {isa = PBXFileReference; explicitFileType = wrapper.cfbundle; includeInIndex = 0; path = mistigri_mobUITests.xctest; sourceTree = BUILT_PRODUCTS_DIR; };
		F6BF95AA170614EEAF207184 /* Pods_mistigri_mobTests.framework */ = {isa = PBXFileReference; explicitFileType = wrapper.framework; includeInIndex = 0; path = Pods_mistigri_mobTests.framework; sourceTree = BUILT_PRODUCTS_DIR; };
		FAE10E2D8E9D6999067359BC /* Pods-mistigri_mobTests.debug.xcconfig */ = {isa = PBXFileReference; includeInIndex = 1; lastKnownFileType = text.xcconfig; name = "Pods-mistigri_mobTests.debug.xcconfig"; path = "Target Support Files/Pods-mistigri_mobTests/Pods-mistigri_mobTests.debug.xcconfig"; sourceTree = "<group>"; };
/* End PBXFileReference section */

/* Begin PBXFileSystemSynchronizedBuildFileExceptionSet section */
		B0BC814A2D7CE83C00CC12A8 /* PBXFileSystemSynchronizedBuildFileExceptionSet */ = {
			isa = PBXFileSystemSynchronizedBuildFileExceptionSet;
			membershipExceptions = (
				Tests/mistigri_mobTests/mistigri_mobTests.swift,
				Tests/mistigri_mobUITests/mistigri_mobUITests.swift,
				Tests/mistigri_mobUITests/mistigri_mobUITestsLaunchTests.swift,
			);
			target = B059AF7A2D7CA900003930C7 /* mistigri_mob */;
		};
		B0BC814B2D7CE83C00CC12A8 /* PBXFileSystemSynchronizedBuildFileExceptionSet */ = {
			isa = PBXFileSystemSynchronizedBuildFileExceptionSet;
			membershipExceptions = (
				Tests/mistigri_mobTests/mistigri_mobTests.swift,
			);
			target = B059AF8A2D7CA901003930C7 /* mistigri_mobTests */;
		};
		B0BC81512D7CE83E00CC12A8 /* PBXFileSystemSynchronizedBuildFileExceptionSet */ = {
			isa = PBXFileSystemSynchronizedBuildFileExceptionSet;
			membershipExceptions = (
				Tests/mistigri_mobUITests/mistigri_mobUITests.swift,
				Tests/mistigri_mobUITests/mistigri_mobUITestsLaunchTests.swift,
			);
			target = B059AF942D7CA901003930C7 /* mistigri_mobUITests */;
		};
/* End PBXFileSystemSynchronizedBuildFileExceptionSet section */

/* Begin PBXFileSystemSynchronizedRootGroup section */
		B059AF7D2D7CA900003930C7 /* mistigri_mob */ = {isa = PBXFileSystemSynchronizedRootGroup; exceptions = (B0BC814A2D7CE83C00CC12A8 /* PBXFileSystemSynchronizedBuildFileExceptionSet */, B0BC814B2D7CE83C00CC12A8 /* PBXFileSystemSynchronizedBuildFileExceptionSet */, B0BC81512D7CE83E00CC12A8 /* PBXFileSystemSynchronizedBuildFileExceptionSet */, ); explicitFileTypes = {}; explicitFolders = (); path = mistigri_mob; sourceTree = "<group>"; };
/* End PBXFileSystemSynchronizedRootGroup section */

/* Begin PBXFrameworksBuildPhase section */
		B059AF782D7CA900003930C7 /* Frameworks */ = {
			isa = PBXFrameworksBuildPhase;
			buildActionMask = 2147483647;
			files = (
				B0BC81D52D7DCD2900CC12A8 /* Coordinators in Frameworks */,
				3FE9ECD4085D09E5C7EA0B3C /* Pods_mistigri_mob.framework in Frameworks */,
			);
			runOnlyForDeploymentPostprocessing = 0;
		};
		B059AF882D7CA901003930C7 /* Frameworks */ = {
			isa = PBXFrameworksBuildPhase;
			buildActionMask = 2147483647;
			files = (
				FAE14FCCB1FD2097FC06D44E /* Pods_mistigri_mobTests.framework in Frameworks */,
			);
			runOnlyForDeploymentPostprocessing = 0;
		};
		B059AF922D7CA901003930C7 /* Frameworks */ = {
			isa = PBXFrameworksBuildPhase;
			buildActionMask = 2147483647;
			files = (
				187E0A0C9EE3EEC957DFE172 /* Pods_mistigri_mob_mistigri_mobUITests.framework in Frameworks */,
			);
			runOnlyForDeploymentPostprocessing = 0;
		};
/* End PBXFrameworksBuildPhase section */

/* Begin PBXGroup section */
		594111D8BE65F2446102D72E /* Pods */ = {
			isa = PBXGroup;
			children = (
				7BCD476B80A4C50134921494 /* Pods-mistigri_mob.debug.xcconfig */,
				8E490A0C5AD23CDD1A2A1C27 /* Pods-mistigri_mob.release.xcconfig */,
				102F926F29EE5AE52DD77778 /* Pods-mistigri_mob-mistigri_mobUITests.debug.xcconfig */,
				2CA173348595358DF20D95F9 /* Pods-mistigri_mob-mistigri_mobUITests.release.xcconfig */,
				FAE10E2D8E9D6999067359BC /* Pods-mistigri_mobTests.debug.xcconfig */,
				7E8F26FC8F3643257CA347F7 /* Pods-mistigri_mobTests.release.xcconfig */,
			);
			path = Pods;
			sourceTree = "<group>";
		};
		B059AF722D7CA900003930C7 = {
			isa = PBXGroup;
			children = (
				B059AF7D2D7CA900003930C7 /* mistigri_mob */,
				B059AF7C2D7CA900003930C7 /* Products */,
				594111D8BE65F2446102D72E /* Pods */,
				FABCFCABFF89F7B450A2054A /* Frameworks */,
			);
			sourceTree = "<group>";
		};
		B059AF7C2D7CA900003930C7 /* Products */ = {
			isa = PBXGroup;
			children = (
				B059AF7B2D7CA900003930C7 /* mistigri_mob.app */,
				B059AF8B2D7CA901003930C7 /* mistigri_mobTests.xctest */,
				B059AF952D7CA901003930C7 /* mistigri_mobUITests.xctest */,
			);
			name = Products;
			sourceTree = "<group>";
		};
		FABCFCABFF89F7B450A2054A /* Frameworks */ = {
			isa = PBXGroup;
			children = (
				9DCF55B64FDEF1C649C906B3 /* Pods_mistigri_mob.framework */,
				AF15E36D22DCB671784A64F3 /* Pods_mistigri_mob_mistigri_mobUITests.framework */,
				F6BF95AA170614EEAF207184 /* Pods_mistigri_mobTests.framework */,
			);
			name = Frameworks;
			sourceTree = "<group>";
		};
/* End PBXGroup section */

/* Begin PBXNativeTarget section */
		B059AF7A2D7CA900003930C7 /* mistigri_mob */ = {
			isa = PBXNativeTarget;
			buildConfigurationList = B059AF9F2D7CA901003930C7 /* Build configuration list for PBXNativeTarget "mistigri_mob" */;
			buildPhases = (
				3EF06A5A822A6A846C8F7308 /* [CP] Check Pods Manifest.lock */,
				B059AF772D7CA900003930C7 /* Sources */,
				B059AF782D7CA900003930C7 /* Frameworks */,
				B059AF792D7CA900003930C7 /* Resources */,
				B0BC80F12D7CDD3600CC12A8 /* SwiftLint */,
				D381314C6CA6DDA1DBD51101 /* [CP] Embed Pods Frameworks */,
			);
			buildRules = (
			);
			dependencies = (
			);
			fileSystemSynchronizedGroups = (
				B059AF7D2D7CA900003930C7 /* mistigri_mob */,
			);
			name = mistigri_mob;
			productName = mistigri_mob;
			productReference = B059AF7B2D7CA900003930C7 /* mistigri_mob.app */;
			productType = "com.apple.product-type.application";
		};
		B059AF8A2D7CA901003930C7 /* mistigri_mobTests */ = {
			isa = PBXNativeTarget;
			buildConfigurationList = B059AFA22D7CA901003930C7 /* Build configuration list for PBXNativeTarget "mistigri_mobTests" */;
			buildPhases = (
				D3272C7ECE1E28949F493579 /* [CP] Check Pods Manifest.lock */,
				B059AF872D7CA901003930C7 /* Sources */,
				B059AF882D7CA901003930C7 /* Frameworks */,
				B059AF892D7CA901003930C7 /* Resources */,
			);
			buildRules = (
			);
			dependencies = (
				B059AF8D2D7CA901003930C7 /* PBXTargetDependency */,
			);
			name = mistigri_mobTests;
			productName = mistigri_mobTests;
			productReference = B059AF8B2D7CA901003930C7 /* mistigri_mobTests.xctest */;
			productType = "com.apple.product-type.bundle.unit-test";
		};
		B059AF942D7CA901003930C7 /* mistigri_mobUITests */ = {
			isa = PBXNativeTarget;
			buildConfigurationList = B059AFA52D7CA901003930C7 /* Build configuration list for PBXNativeTarget "mistigri_mobUITests" */;
			buildPhases = (
				82CC24E1DDF1C3513A6EF970 /* [CP] Check Pods Manifest.lock */,
				B059AF912D7CA901003930C7 /* Sources */,
				B059AF922D7CA901003930C7 /* Frameworks */,
				B059AF932D7CA901003930C7 /* Resources */,
				6BC9979340BD1443840E2CD6 /* [CP] Embed Pods Frameworks */,
			);
			buildRules = (
			);
			dependencies = (
				B059AF972D7CA901003930C7 /* PBXTargetDependency */,
			);
			name = mistigri_mobUITests;
			productName = mistigri_mobUITests;
			productReference = B059AF952D7CA901003930C7 /* mistigri_mobUITests.xctest */;
			productType = "com.apple.product-type.bundle.ui-testing";
		};
/* End PBXNativeTarget section */

/* Begin PBXProject section */
		B059AF732D7CA900003930C7 /* Project object */ = {
			isa = PBXProject;
			attributes = {
				BuildIndependentTargetsInParallel = 1;
				LastSwiftUpdateCheck = 1600;
				LastUpgradeCheck = 1600;
				TargetAttributes = {
					B059AF7A2D7CA900003930C7 = {
						CreatedOnToolsVersion = 16.0;
					};
					B059AF8A2D7CA901003930C7 = {
						CreatedOnToolsVersion = 16.0;
						TestTargetID = B059AF7A2D7CA900003930C7;
					};
					B059AF942D7CA901003930C7 = {
						CreatedOnToolsVersion = 16.0;
						TestTargetID = B059AF7A2D7CA900003930C7;
					};
				};
			};
			buildConfigurationList = B059AF762D7CA900003930C7 /* Build configuration list for PBXProject "mistigri_mob" */;
			compatibilityVersion = "Xcode 14.0";
			developmentRegion = en;
			hasScannedForEncodings = 0;
			knownRegions = (
				en,
				Base,
				fr,
			);
			mainGroup = B059AF722D7CA900003930C7;
			minimizedProjectReferenceProxies = 1;
			packageReferences = (
				B0BC81D32D7DCD2900CC12A8 /* XCRemoteSwiftPackageReference "Coordinators" */,
			);
			productRefGroup = B059AF7C2D7CA900003930C7 /* Products */;
			projectDirPath = "";
			projectRoot = "";
			targets = (
				B059AF7A2D7CA900003930C7 /* mistigri_mob */,
				B059AF8A2D7CA901003930C7 /* mistigri_mobTests */,
				B059AF942D7CA901003930C7 /* mistigri_mobUITests */,
			);
		};
/* End PBXProject section */

/* Begin PBXResourcesBuildPhase section */
		B059AF792D7CA900003930C7 /* Resources */ = {
			isa = PBXResourcesBuildPhase;
			buildActionMask = 2147483647;
			files = (
			);
			runOnlyForDeploymentPostprocessing = 0;
		};
		B059AF892D7CA901003930C7 /* Resources */ = {
			isa = PBXResourcesBuildPhase;
			buildActionMask = 2147483647;
			files = (
			);
			runOnlyForDeploymentPostprocessing = 0;
		};
		B059AF932D7CA901003930C7 /* Resources */ = {
			isa = PBXResourcesBuildPhase;
			buildActionMask = 2147483647;
			files = (
			);
			runOnlyForDeploymentPostprocessing = 0;
		};
/* End PBXResourcesBuildPhase section */

/* Begin PBXShellScriptBuildPhase section */
		3EF06A5A822A6A846C8F7308 /* [CP] Check Pods Manifest.lock */ = {
			isa = PBXShellScriptBuildPhase;
			buildActionMask = 2147483647;
			files = (
			);
			inputFileListPaths = (
			);
			inputPaths = (
				"${PODS_PODFILE_DIR_PATH}/Podfile.lock",
				"${PODS_ROOT}/Manifest.lock",
			);
			name = "[CP] Check Pods Manifest.lock";
			outputFileListPaths = (
			);
			outputPaths = (
				"$(DERIVED_FILE_DIR)/Pods-mistigri_mob-checkManifestLockResult.txt",
			);
			runOnlyForDeploymentPostprocessing = 0;
			shellPath = /bin/sh;
			shellScript = "diff \"${PODS_PODFILE_DIR_PATH}/Podfile.lock\" \"${PODS_ROOT}/Manifest.lock\" > /dev/null\nif [ $? != 0 ] ; then\n    # print error to STDERR\n    echo \"error: The sandbox is not in sync with the Podfile.lock. Run 'pod install' or update your CocoaPods installation.\" >&2\n    exit 1\nfi\n# This output is used by Xcode 'outputs' to avoid re-running this script phase.\necho \"SUCCESS\" > \"${SCRIPT_OUTPUT_FILE_0}\"\n";
			showEnvVarsInLog = 0;
		};
		6BC9979340BD1443840E2CD6 /* [CP] Embed Pods Frameworks */ = {
			isa = PBXShellScriptBuildPhase;
			buildActionMask = 2147483647;
			files = (
			);
			inputFileListPaths = (
				"${PODS_ROOT}/Target Support Files/Pods-mistigri_mob-mistigri_mobUITests/Pods-mistigri_mob-mistigri_mobUITests-frameworks-${CONFIGURATION}-input-files.xcfilelist",
			);
			name = "[CP] Embed Pods Frameworks";
			outputFileListPaths = (
				"${PODS_ROOT}/Target Support Files/Pods-mistigri_mob-mistigri_mobUITests/Pods-mistigri_mob-mistigri_mobUITests-frameworks-${CONFIGURATION}-output-files.xcfilelist",
			);
			runOnlyForDeploymentPostprocessing = 0;
			shellPath = /bin/sh;
			shellScript = "\"${PODS_ROOT}/Target Support Files/Pods-mistigri_mob-mistigri_mobUITests/Pods-mistigri_mob-mistigri_mobUITests-frameworks.sh\"\n";
			showEnvVarsInLog = 0;
		};
		82CC24E1DDF1C3513A6EF970 /* [CP] Check Pods Manifest.lock */ = {
			isa = PBXShellScriptBuildPhase;
			buildActionMask = 2147483647;
			files = (
			);
			inputFileListPaths = (
			);
			inputPaths = (
				"${PODS_PODFILE_DIR_PATH}/Podfile.lock",
				"${PODS_ROOT}/Manifest.lock",
			);
			name = "[CP] Check Pods Manifest.lock";
			outputFileListPaths = (
			);
			outputPaths = (
				"$(DERIVED_FILE_DIR)/Pods-mistigri_mob-mistigri_mobUITests-checkManifestLockResult.txt",
			);
			runOnlyForDeploymentPostprocessing = 0;
			shellPath = /bin/sh;
			shellScript = "diff \"${PODS_PODFILE_DIR_PATH}/Podfile.lock\" \"${PODS_ROOT}/Manifest.lock\" > /dev/null\nif [ $? != 0 ] ; then\n    # print error to STDERR\n    echo \"error: The sandbox is not in sync with the Podfile.lock. Run 'pod install' or update your CocoaPods installation.\" >&2\n    exit 1\nfi\n# This output is used by Xcode 'outputs' to avoid re-running this script phase.\necho \"SUCCESS\" > \"${SCRIPT_OUTPUT_FILE_0}\"\n";
			showEnvVarsInLog = 0;
		};
		B0BC80F12D7CDD3600CC12A8 /* SwiftLint */ = {
			isa = PBXShellScriptBuildPhase;
			alwaysOutOfDate = 1;
			buildActionMask = 8;
			files = (
			);
			inputFileListPaths = (
			);
			inputPaths = (
			);
			name = SwiftLint;
			outputFileListPaths = (
			);
			outputPaths = (
			);
			runOnlyForDeploymentPostprocessing = 1;
			shellPath = /bin/sh;
			shellScript = "\"${PODS_ROOT}/SwiftLint/swiftlint\" --config\n    \"$SRCROOT/mistigri_mob/Config/.swiftlint.yml\"\n";
		};
		D3272C7ECE1E28949F493579 /* [CP] Check Pods Manifest.lock */ = {
			isa = PBXShellScriptBuildPhase;
			buildActionMask = 2147483647;
			files = (
			);
			inputFileListPaths = (
			);
			inputPaths = (
				"${PODS_PODFILE_DIR_PATH}/Podfile.lock",
				"${PODS_ROOT}/Manifest.lock",
			);
			name = "[CP] Check Pods Manifest.lock";
			outputFileListPaths = (
			);
			outputPaths = (
				"$(DERIVED_FILE_DIR)/Pods-mistigri_mobTests-checkManifestLockResult.txt",
			);
			runOnlyForDeploymentPostprocessing = 0;
			shellPath = /bin/sh;
			shellScript = "diff \"${PODS_PODFILE_DIR_PATH}/Podfile.lock\" \"${PODS_ROOT}/Manifest.lock\" > /dev/null\nif [ $? != 0 ] ; then\n    # print error to STDERR\n    echo \"error: The sandbox is not in sync with the Podfile.lock. Run 'pod install' or update your CocoaPods installation.\" >&2\n    exit 1\nfi\n# This output is used by Xcode 'outputs' to avoid re-running this script phase.\necho \"SUCCESS\" > \"${SCRIPT_OUTPUT_FILE_0}\"\n";
			showEnvVarsInLog = 0;
		};
		D381314C6CA6DDA1DBD51101 /* [CP] Embed Pods Frameworks */ = {
			isa = PBXShellScriptBuildPhase;
			buildActionMask = 2147483647;
			files = (
			);
			inputFileListPaths = (
				"${PODS_ROOT}/Target Support Files/Pods-mistigri_mob/Pods-mistigri_mob-frameworks-${CONFIGURATION}-input-files.xcfilelist",
			);
			name = "[CP] Embed Pods Frameworks";
			outputFileListPaths = (
				"${PODS_ROOT}/Target Support Files/Pods-mistigri_mob/Pods-mistigri_mob-frameworks-${CONFIGURATION}-output-files.xcfilelist",
			);
			runOnlyForDeploymentPostprocessing = 0;
			shellPath = /bin/sh;
			shellScript = "\"${PODS_ROOT}/Target Support Files/Pods-mistigri_mob/Pods-mistigri_mob-frameworks.sh\"\n";
			showEnvVarsInLog = 0;
		};
/* End PBXShellScriptBuildPhase section */

/* Begin PBXSourcesBuildPhase section */
		B059AF772D7CA900003930C7 /* Sources */ = {
			isa = PBXSourcesBuildPhase;
			buildActionMask = 2147483647;
			files = (
			);
			runOnlyForDeploymentPostprocessing = 0;
		};
		B059AF872D7CA901003930C7 /* Sources */ = {
			isa = PBXSourcesBuildPhase;
			buildActionMask = 2147483647;
			files = (
			);
			runOnlyForDeploymentPostprocessing = 0;
		};
		B059AF912D7CA901003930C7 /* Sources */ = {
			isa = PBXSourcesBuildPhase;
			buildActionMask = 2147483647;
			files = (
			);
			runOnlyForDeploymentPostprocessing = 0;
		};
/* End PBXSourcesBuildPhase section */

/* Begin PBXTargetDependency section */
		B059AF8D2D7CA901003930C7 /* PBXTargetDependency */ = {
			isa = PBXTargetDependency;
			target = B059AF7A2D7CA900003930C7 /* mistigri_mob */;
			targetProxy = B059AF8C2D7CA901003930C7 /* PBXContainerItemProxy */;
		};
		B059AF972D7CA901003930C7 /* PBXTargetDependency */ = {
			isa = PBXTargetDependency;
			target = B059AF7A2D7CA900003930C7 /* mistigri_mob */;
			targetProxy = B059AF962D7CA901003930C7 /* PBXContainerItemProxy */;
		};
/* End PBXTargetDependency section */

/* Begin XCBuildConfiguration section */
		B059AF9D2D7CA901003930C7 /* Debug */ = {
			isa = XCBuildConfiguration;
			buildSettings = {
				ALWAYS_SEARCH_USER_PATHS = NO;
				ASSETCATALOG_COMPILER_GENERATE_SWIFT_ASSET_SYMBOL_EXTENSIONS = YES;
				CLANG_ANALYZER_LOCALIZABILITY_NONLOCALIZED = YES;
				CLANG_ANALYZER_NONNULL = YES;
				CLANG_ANALYZER_NUMBER_OBJECT_CONVERSION = YES_AGGRESSIVE;
				CLANG_CXX_LANGUAGE_STANDARD = "gnu++20";
				CLANG_ENABLE_MODULES = YES;
				CLANG_ENABLE_OBJC_ARC = YES;
				CLANG_ENABLE_OBJC_WEAK = YES;
				CLANG_WARN_BLOCK_CAPTURE_AUTORELEASING = YES;
				CLANG_WARN_BOOL_CONVERSION = YES;
				CLANG_WARN_COMMA = YES;
				CLANG_WARN_CONSTANT_CONVERSION = YES;
				CLANG_WARN_DEPRECATED_OBJC_IMPLEMENTATIONS = YES;
				CLANG_WARN_DIRECT_OBJC_ISA_USAGE = YES_ERROR;
				CLANG_WARN_DOCUMENTATION_COMMENTS = YES;
				CLANG_WARN_EMPTY_BODY = YES;
				CLANG_WARN_ENUM_CONVERSION = YES;
				CLANG_WARN_INFINITE_RECURSION = YES;
				CLANG_WARN_INT_CONVERSION = YES;
				CLANG_WARN_NON_LITERAL_NULL_CONVERSION = YES;
				CLANG_WARN_OBJC_IMPLICIT_RETAIN_SELF = YES;
				CLANG_WARN_OBJC_LITERAL_CONVERSION = YES;
				CLANG_WARN_OBJC_ROOT_CLASS = YES_ERROR;
				CLANG_WARN_QUOTED_INCLUDE_IN_FRAMEWORK_HEADER = YES;
				CLANG_WARN_RANGE_LOOP_ANALYSIS = YES;
				CLANG_WARN_STRICT_PROTOTYPES = YES;
				CLANG_WARN_SUSPICIOUS_MOVE = YES;
				CLANG_WARN_UNGUARDED_AVAILABILITY = YES_AGGRESSIVE;
				CLANG_WARN_UNREACHABLE_CODE = YES;
				CLANG_WARN__DUPLICATE_METHOD_MATCH = YES;
				COPY_PHASE_STRIP = NO;
				DEBUG_INFORMATION_FORMAT = dwarf;
				ENABLE_STRICT_OBJC_MSGSEND = YES;
				ENABLE_TESTABILITY = YES;
				ENABLE_USER_SCRIPT_SANDBOXING = YES;
				GCC_C_LANGUAGE_STANDARD = gnu17;
				GCC_DYNAMIC_NO_PIC = NO;
				GCC_NO_COMMON_BLOCKS = YES;
				GCC_OPTIMIZATION_LEVEL = 0;
				GCC_PREPROCESSOR_DEFINITIONS = (
					"DEBUG=1",
					"$(inherited)",
				);
				GCC_WARN_64_TO_32_BIT_CONVERSION = YES;
				GCC_WARN_ABOUT_RETURN_TYPE = YES_ERROR;
				GCC_WARN_UNDECLARED_SELECTOR = YES;
				GCC_WARN_UNINITIALIZED_AUTOS = YES_AGGRESSIVE;
				GCC_WARN_UNUSED_FUNCTION = YES;
				GCC_WARN_UNUSED_VARIABLE = YES;
				IPHONEOS_DEPLOYMENT_TARGET = 18.0;
				LOCALIZATION_PREFERS_STRING_CATALOGS = YES;
				MTL_ENABLE_DEBUG_INFO = INCLUDE_SOURCE;
				MTL_FAST_MATH = YES;
				ONLY_ACTIVE_ARCH = YES;
				SDKROOT = iphoneos;
				SWIFT_ACTIVE_COMPILATION_CONDITIONS = "DEBUG $(inherited)";
				SWIFT_OPTIMIZATION_LEVEL = "-Onone";
			};
			name = Debug;
		};
		B059AF9E2D7CA901003930C7 /* Release */ = {
			isa = XCBuildConfiguration;
			buildSettings = {
				ALWAYS_SEARCH_USER_PATHS = NO;
				ASSETCATALOG_COMPILER_GENERATE_SWIFT_ASSET_SYMBOL_EXTENSIONS = YES;
				CLANG_ANALYZER_LOCALIZABILITY_NONLOCALIZED = YES;
				CLANG_ANALYZER_NONNULL = YES;
				CLANG_ANALYZER_NUMBER_OBJECT_CONVERSION = YES_AGGRESSIVE;
				CLANG_CXX_LANGUAGE_STANDARD = "gnu++20";
				CLANG_ENABLE_MODULES = YES;
				CLANG_ENABLE_OBJC_ARC = YES;
				CLANG_ENABLE_OBJC_WEAK = YES;
				CLANG_WARN_BLOCK_CAPTURE_AUTORELEASING = YES;
				CLANG_WARN_BOOL_CONVERSION = YES;
				CLANG_WARN_COMMA = YES;
				CLANG_WARN_CONSTANT_CONVERSION = YES;
				CLANG_WARN_DEPRECATED_OBJC_IMPLEMENTATIONS = YES;
				CLANG_WARN_DIRECT_OBJC_ISA_USAGE = YES_ERROR;
				CLANG_WARN_DOCUMENTATION_COMMENTS = YES;
				CLANG_WARN_EMPTY_BODY = YES;
				CLANG_WARN_ENUM_CONVERSION = YES;
				CLANG_WARN_INFINITE_RECURSION = YES;
				CLANG_WARN_INT_CONVERSION = YES;
				CLANG_WARN_NON_LITERAL_NULL_CONVERSION = YES;
				CLANG_WARN_OBJC_IMPLICIT_RETAIN_SELF = YES;
				CLANG_WARN_OBJC_LITERAL_CONVERSION = YES;
				CLANG_WARN_OBJC_ROOT_CLASS = YES_ERROR;
				CLANG_WARN_QUOTED_INCLUDE_IN_FRAMEWORK_HEADER = YES;
				CLANG_WARN_RANGE_LOOP_ANALYSIS = YES;
				CLANG_WARN_STRICT_PROTOTYPES = YES;
				CLANG_WARN_SUSPICIOUS_MOVE = YES;
				CLANG_WARN_UNGUARDED_AVAILABILITY = YES_AGGRESSIVE;
				CLANG_WARN_UNREACHABLE_CODE = YES;
				CLANG_WARN__DUPLICATE_METHOD_MATCH = YES;
				COPY_PHASE_STRIP = NO;
				DEBUG_INFORMATION_FORMAT = "dwarf-with-dsym";
				ENABLE_NS_ASSERTIONS = NO;
				ENABLE_STRICT_OBJC_MSGSEND = YES;
				ENABLE_USER_SCRIPT_SANDBOXING = YES;
				GCC_C_LANGUAGE_STANDARD = gnu17;
				GCC_NO_COMMON_BLOCKS = YES;
				GCC_WARN_64_TO_32_BIT_CONVERSION = YES;
				GCC_WARN_ABOUT_RETURN_TYPE = YES_ERROR;
				GCC_WARN_UNDECLARED_SELECTOR = YES;
				GCC_WARN_UNINITIALIZED_AUTOS = YES_AGGRESSIVE;
				GCC_WARN_UNUSED_FUNCTION = YES;
				GCC_WARN_UNUSED_VARIABLE = YES;
				IPHONEOS_DEPLOYMENT_TARGET = 18.0;
				LOCALIZATION_PREFERS_STRING_CATALOGS = YES;
				MTL_ENABLE_DEBUG_INFO = NO;
				MTL_FAST_MATH = YES;
				SDKROOT = iphoneos;
				SWIFT_COMPILATION_MODE = wholemodule;
				VALIDATE_PRODUCT = YES;
			};
			name = Release;
		};
		B059AFA02D7CA901003930C7 /* Debug */ = {
			isa = XCBuildConfiguration;
			baseConfigurationReference = 7BCD476B80A4C50134921494 /* Pods-mistigri_mob.debug.xcconfig */;
			buildSettings = {
				ASSETCATALOG_COMPILER_APPICON_NAME = AppIcon;
				ASSETCATALOG_COMPILER_GLOBAL_ACCENT_COLOR_NAME = AccentColor;
				CODE_SIGN_STYLE = Automatic;
				CURRENT_PROJECT_VERSION = 1;
				DEVELOPMENT_ASSET_PATHS = "\"mistigri_mob/Preview Content\"";
				ENABLE_PREVIEWS = YES;
				ENABLE_USER_SCRIPT_SANDBOXING = NO;
				GENERATE_INFOPLIST_FILE = YES;
				INFOPLIST_FILE = "mistigri-mob-Info.plist";
				INFOPLIST_KEY_CFBundleDisplayName = Mistigri;
				INFOPLIST_KEY_UIApplicationSceneManifest_Generation = YES;
				INFOPLIST_KEY_UIApplicationSupportsIndirectInputEvents = YES;
				INFOPLIST_KEY_UILaunchScreen_Generation = YES;
				INFOPLIST_KEY_UISupportedInterfaceOrientations_iPad = "UIInterfaceOrientationPortrait UIInterfaceOrientationPortraitUpsideDown UIInterfaceOrientationLandscapeLeft UIInterfaceOrientationLandscapeRight";
				INFOPLIST_KEY_UISupportedInterfaceOrientations_iPhone = "UIInterfaceOrientationPortrait UIInterfaceOrientationLandscapeLeft UIInterfaceOrientationLandscapeRight";
				LD_RUNPATH_SEARCH_PATHS = (
					"$(inherited)",
					"@executable_path/Frameworks",
				);
				MARKETING_VERSION = 1.0;
				PRODUCT_BUNDLE_IDENTIFIER = "com.awi.mistigri-mob";
				PRODUCT_NAME = "$(TARGET_NAME)";
				SWIFT_EMIT_LOC_STRINGS = YES;
				SWIFT_VERSION = 5.0;
				TARGETED_DEVICE_FAMILY = "1,2";
			};
			name = Debug;
		};
		B059AFA12D7CA901003930C7 /* Release */ = {
			isa = XCBuildConfiguration;
			baseConfigurationReference = 8E490A0C5AD23CDD1A2A1C27 /* Pods-mistigri_mob.release.xcconfig */;
			buildSettings = {
				ASSETCATALOG_COMPILER_APPICON_NAME = AppIcon;
				ASSETCATALOG_COMPILER_GLOBAL_ACCENT_COLOR_NAME = AccentColor;
				CODE_SIGN_STYLE = Automatic;
				CURRENT_PROJECT_VERSION = 1;
				DEVELOPMENT_ASSET_PATHS = "\"mistigri_mob/Preview Content\"";
				ENABLE_PREVIEWS = YES;
				ENABLE_USER_SCRIPT_SANDBOXING = NO;
				GENERATE_INFOPLIST_FILE = YES;
				INFOPLIST_FILE = "mistigri-mob-Info.plist";
				INFOPLIST_KEY_CFBundleDisplayName = Mistigri;
				INFOPLIST_KEY_UIApplicationSceneManifest_Generation = YES;
				INFOPLIST_KEY_UIApplicationSupportsIndirectInputEvents = YES;
				INFOPLIST_KEY_UILaunchScreen_Generation = YES;
				INFOPLIST_KEY_UISupportedInterfaceOrientations_iPad = "UIInterfaceOrientationPortrait UIInterfaceOrientationPortraitUpsideDown UIInterfaceOrientationLandscapeLeft UIInterfaceOrientationLandscapeRight";
				INFOPLIST_KEY_UISupportedInterfaceOrientations_iPhone = "UIInterfaceOrientationPortrait UIInterfaceOrientationLandscapeLeft UIInterfaceOrientationLandscapeRight";
				LD_RUNPATH_SEARCH_PATHS = (
					"$(inherited)",
					"@executable_path/Frameworks",
				);
				MARKETING_VERSION = 1.0;
				PRODUCT_BUNDLE_IDENTIFIER = "com.awi.mistigri-mob";
				PRODUCT_NAME = "$(TARGET_NAME)";
				SWIFT_EMIT_LOC_STRINGS = YES;
				SWIFT_VERSION = 5.0;
				TARGETED_DEVICE_FAMILY = "1,2";
			};
			name = Release;
		};
		B059AFA32D7CA901003930C7 /* Debug */ = {
			isa = XCBuildConfiguration;
			baseConfigurationReference = FAE10E2D8E9D6999067359BC /* Pods-mistigri_mobTests.debug.xcconfig */;
			buildSettings = {
				BUNDLE_LOADER = "$(TEST_HOST)";
				CODE_SIGN_STYLE = Automatic;
				CURRENT_PROJECT_VERSION = 1;
				GENERATE_INFOPLIST_FILE = YES;
				IPHONEOS_DEPLOYMENT_TARGET = 18.0;
				MARKETING_VERSION = 1.0;
				PRODUCT_BUNDLE_IDENTIFIER = "com.awi.mistigri-mobTests";
				PRODUCT_NAME = "$(TARGET_NAME)";
				SWIFT_EMIT_LOC_STRINGS = NO;
				SWIFT_VERSION = 5.0;
				TARGETED_DEVICE_FAMILY = "1,2";
				TEST_HOST = "$(BUILT_PRODUCTS_DIR)/mistigri_mob.app/$(BUNDLE_EXECUTABLE_FOLDER_PATH)/mistigri_mob";
			};
			name = Debug;
		};
		B059AFA42D7CA901003930C7 /* Release */ = {
			isa = XCBuildConfiguration;
			baseConfigurationReference = 7E8F26FC8F3643257CA347F7 /* Pods-mistigri_mobTests.release.xcconfig */;
			buildSettings = {
				BUNDLE_LOADER = "$(TEST_HOST)";
				CODE_SIGN_STYLE = Automatic;
				CURRENT_PROJECT_VERSION = 1;
				GENERATE_INFOPLIST_FILE = YES;
				IPHONEOS_DEPLOYMENT_TARGET = 18.0;
				MARKETING_VERSION = 1.0;
				PRODUCT_BUNDLE_IDENTIFIER = "com.awi.mistigri-mobTests";
				PRODUCT_NAME = "$(TARGET_NAME)";
				SWIFT_EMIT_LOC_STRINGS = NO;
				SWIFT_VERSION = 5.0;
				TARGETED_DEVICE_FAMILY = "1,2";
				TEST_HOST = "$(BUILT_PRODUCTS_DIR)/mistigri_mob.app/$(BUNDLE_EXECUTABLE_FOLDER_PATH)/mistigri_mob";
			};
			name = Release;
		};
		B059AFA62D7CA901003930C7 /* Debug */ = {
			isa = XCBuildConfiguration;
			baseConfigurationReference = 102F926F29EE5AE52DD77778 /* Pods-mistigri_mob-mistigri_mobUITests.debug.xcconfig */;
			buildSettings = {
				CODE_SIGN_STYLE = Automatic;
				CURRENT_PROJECT_VERSION = 1;
				GENERATE_INFOPLIST_FILE = YES;
				MARKETING_VERSION = 1.0;
				PRODUCT_BUNDLE_IDENTIFIER = "com.awi.mistigri-mobUITests";
				PRODUCT_NAME = "$(TARGET_NAME)";
				SWIFT_EMIT_LOC_STRINGS = NO;
				SWIFT_VERSION = 5.0;
				TARGETED_DEVICE_FAMILY = "1,2";
				TEST_TARGET_NAME = mistigri_mob;
			};
			name = Debug;
		};
		B059AFA72D7CA901003930C7 /* Release */ = {
			isa = XCBuildConfiguration;
			baseConfigurationReference = 2CA173348595358DF20D95F9 /* Pods-mistigri_mob-mistigri_mobUITests.release.xcconfig */;
			buildSettings = {
				CODE_SIGN_STYLE = Automatic;
				CURRENT_PROJECT_VERSION = 1;
				GENERATE_INFOPLIST_FILE = YES;
				MARKETING_VERSION = 1.0;
				PRODUCT_BUNDLE_IDENTIFIER = "com.awi.mistigri-mobUITests";
				PRODUCT_NAME = "$(TARGET_NAME)";
				SWIFT_EMIT_LOC_STRINGS = NO;
				SWIFT_VERSION = 5.0;
				TARGETED_DEVICE_FAMILY = "1,2";
				TEST_TARGET_NAME = mistigri_mob;
			};
			name = Release;
		};
/* End XCBuildConfiguration section */

/* Begin XCConfigurationList section */
		B059AF762D7CA900003930C7 /* Build configuration list for PBXProject "mistigri_mob" */ = {
			isa = XCConfigurationList;
			buildConfigurations = (
				B059AF9D2D7CA901003930C7 /* Debug */,
				B059AF9E2D7CA901003930C7 /* Release */,
			);
			defaultConfigurationIsVisible = 0;
			defaultConfigurationName = Release;
		};
		B059AF9F2D7CA901003930C7 /* Build configuration list for PBXNativeTarget "mistigri_mob" */ = {
			isa = XCConfigurationList;
			buildConfigurations = (
				B059AFA02D7CA901003930C7 /* Debug */,
				B059AFA12D7CA901003930C7 /* Release */,
			);
			defaultConfigurationIsVisible = 0;
			defaultConfigurationName = Release;
		};
		B059AFA22D7CA901003930C7 /* Build configuration list for PBXNativeTarget "mistigri_mobTests" */ = {
			isa = XCConfigurationList;
			buildConfigurations = (
				B059AFA32D7CA901003930C7 /* Debug */,
				B059AFA42D7CA901003930C7 /* Release */,
			);
			defaultConfigurationIsVisible = 0;
			defaultConfigurationName = Release;
		};
		B059AFA52D7CA901003930C7 /* Build configuration list for PBXNativeTarget "mistigri_mobUITests" */ = {
			isa = XCConfigurationList;
			buildConfigurations = (
				B059AFA62D7CA901003930C7 /* Debug */,
				B059AFA72D7CA901003930C7 /* Release */,
			);
			defaultConfigurationIsVisible = 0;
			defaultConfigurationName = Release;
		};
/* End XCConfigurationList section */

/* Begin XCRemoteSwiftPackageReference section */
		B0BC81D32D7DCD2900CC12A8 /* XCRemoteSwiftPackageReference "Coordinators" */ = {
			isa = XCRemoteSwiftPackageReference;
			repositoryURL = "https://github.com/ivkuznetsov/Coordinators.git";
			requirement = {
				kind = upToNextMajorVersion;
				minimumVersion = 1.1.1;
			};
		};
/* End XCRemoteSwiftPackageReference section */

/* Begin XCSwiftPackageProductDependency section */
		B0BC81D42D7DCD2900CC12A8 /* Coordinators */ = {
			isa = XCSwiftPackageProductDependency;
			package = B0BC81D32D7DCD2900CC12A8 /* XCRemoteSwiftPackageReference "Coordinators" */;
			productName = Coordinators;
		};
/* End XCSwiftPackageProductDependency section */
	};
	rootObject = B059AF732D7CA900003930C7 /* Project object */;
}
