// !$*UTF8*$!
{
	archiveVersion = 1;
	classes = {
	};
	objectVersion = 77;
	objects = {

/* Begin PBXContainerItemProxy section */
		B059AF8C2D7CA901003930C7 /* PBXContainerItemProxy */ = {
			isa = PBXContainerItemProxy;
			containerPortal = B059AF732D7CA900003930C7 /* Project object */;
			proxyType = 1;
			remoteGlobalIDString = B059AF7A2D7CA900003930C7;
			remoteInfo = mistigri_mob;
		};
		B059AF962D7CA901003930C7 /* PBXContainerItemProxy */ = {
			isa = PBXContainerItemProxy;
			containerPortal = B059AF732D7CA900003930C7 /* Project object */;
			proxyType = 1;
			remoteGlobalIDString = B059AF7A2D7CA900003930C7;
			remoteInfo = mistigri_mob;
		};
/* End PBXContainerItemProxy section */

/* Begin PBXFileReference section */
		B059AF7B2D7CA900003930C7 /* mistigri_mob.app */ = {isa = PBXFileReference; explicitFileType = wrapper.application; includeInIndex = 0; path = mistigri_mob.app; sourceTree = BUILT_PRODUCTS_DIR; };
		B059AF8B2D7CA901003930C7 /* mistigri_mobTests.xctest */ = {isa = PBXFileReference; explicitFileType = wrapper.cfbundle; includeInIndex = 0; path = mistigri_mobTests.xctest; sourceTree = BUILT_PRODUCTS_DIR; };
		B059AF952D7CA901003930C7 /* mistigri_mobUITests.xctest */ = {isa = PBXFileReference; explicitFileType = wrapper.cfbundle; includeInIndex = 0; path = mistigri_mobUITests.xctest; sourceTree = BUILT_PRODUCTS_DIR; };
/* End PBXFileReference section */

/* Begin PBXFileSystemSynchronizedRootGroup section */
		B059AF7D2D7CA900003930C7 /* mistigri_mob */ = {
			isa = PBXFileSystemSynchronizedRootGroup;
			path = mistigri_mob;
			sourceTree = "<group>";
		};
		B059AF8E2D7CA901003930C7 /* mistigri_mobTests */ = {
			isa = PBXFileSystemSynchronizedRootGroup;
			path = mistigri_mobTests;
			sourceTree = "<group>";
		};
		B059AF982D7CA901003930C7 /* mistigri_mobUITests */ = {
			isa = PBXFileSystemSynchronizedRootGroup;
			path = mistigri_mobUITests;
			sourceTree = "<group>";
		};
/* End PBXFileSystemSynchronizedRootGroup section */

/* Begin PBXFrameworksBuildPhase section */
		B059AF782D7CA900003930C7 /* Frameworks */ = {
			isa = PBXFrameworksBuildPhase;
			buildActionMask = 2147483647;
			files = (
			);
			runOnlyForDeploymentPostprocessing = 0;
		};
		B059AF882D7CA901003930C7 /* Frameworks */ = {
			isa = PBXFrameworksBuildPhase;
			buildActionMask = 2147483647;
			files = (
			);
			runOnlyForDeploymentPostprocessing = 0;
		};
		B059AF922D7CA901003930C7 /* Frameworks */ = {
			isa = PBXFrameworksBuildPhase;
			buildActionMask = 2147483647;
			files = (
			);
			runOnlyForDeploymentPostprocessing = 0;
		};
/* End PBXFrameworksBuildPhase section */

/* Begin PBXGroup section */
		B059AF722D7CA900003930C7 = {
			isa = PBXGroup;
			children = (
				B059AF7D2D7CA900003930C7 /* mistigri_mob */,
				B059AF8E2D7CA901003930C7 /* mistigri_mobTests */,
				B059AF982D7CA901003930C7 /* mistigri_mobUITests */,
				B059AF7C2D7CA900003930C7 /* Products */,
			);
			sourceTree = "<group>";
		};
		B059AF7C2D7CA900003930C7 /* Products */ = {
			isa = PBXGroup;
			children = (
				B059AF7B2D7CA900003930C7 /* mistigri_mob.app */,
				B059AF8B2D7CA901003930C7 /* mistigri_mobTests.xctest */,
				B059AF952D7CA901003930C7 /* mistigri_mobUITests.xctest */,
			);
			name = Products;
			sourceTree = "<group>";
		};
/* End PBXGroup section */

/* Begin PBXNativeTarget section */
		B059AF7A2D7CA900003930C7 /* mistigri_mob */ = {
			isa = PBXNativeTarget;
			buildConfigurationList = B059AF9F2D7CA901003930C7 /* Build configuration list for PBXNativeTarget "mistigri_mob" */;
			buildPhases = (
				B059AF772D7CA900003930C7 /* Sources */,
				B059AF782D7CA900003930C7 /* Frameworks */,
				B059AF792D7CA900003930C7 /* Resources */,
			);
			buildRules = (
			);
			dependencies = (
			);
			fileSystemSynchronizedGroups = (
				B059AF7D2D7CA900003930C7 /* mistigri_mob */,
			);
			name = mistigri_mob;
			packageProductDependencies = (
			);
			productName = mistigri_mob;
			productReference = B059AF7B2D7CA900003930C7 /* mistigri_mob.app */;
			productType = "com.apple.product-type.application";
		};
		B059AF8A2D7CA901003930C7 /* mistigri_mobTests */ = {
			isa = PBXNativeTarget;
			buildConfigurationList = B059AFA22D7CA901003930C7 /* Build configuration list for PBXNativeTarget "mistigri_mobTests" */;
			buildPhases = (
				B059AF872D7CA901003930C7 /* Sources */,
				B059AF882D7CA901003930C7 /* Frameworks */,
				B059AF892D7CA901003930C7 /* Resources */,
			);
			buildRules = (
			);
			dependencies = (
				B059AF8D2D7CA901003930C7 /* PBXTargetDependency */,
			);
			fileSystemSynchronizedGroups = (
				B059AF8E2D7CA901003930C7 /* mistigri_mobTests */,
			);
			name = mistigri_mobTests;
			packageProductDependencies = (
			);
			productName = mistigri_mobTests;
			productReference = B059AF8B2D7CA901003930C7 /* mistigri_mobTests.xctest */;
			productType = "com.apple.product-type.bundle.unit-test";
		};
		B059AF942D7CA901003930C7 /* mistigri_mobUITests */ = {
			isa = PBXNativeTarget;
			buildConfigurationList = B059AFA52D7CA901003930C7 /* Build configuration list for PBXNativeTarget "mistigri_mobUITests" */;
			buildPhases = (
				B059AF912D7CA901003930C7 /* Sources */,
				B059AF922D7CA901003930C7 /* Frameworks */,
				B059AF932D7CA901003930C7 /* Resources */,
			);
			buildRules = (
			);
			dependencies = (
				B059AF972D7CA901003930C7 /* PBXTargetDependency */,
			);
			fileSystemSynchronizedGroups = (
				B059AF982D7CA901003930C7 /* mistigri_mobUITests */,
			);
			name = mistigri_mobUITests;
			packageProductDependencies = (
			);
			productName = mistigri_mobUITests;
			productReference = B059AF952D7CA901003930C7 /* mistigri_mobUITests.xctest */;
			productType = "com.apple.product-type.bundle.ui-testing";
		};
/* End PBXNativeTarget section */

/* Begin PBXProject section */
		B059AF732D7CA900003930C7 /* Project object */ = {
			isa = PBXProject;
			attributes = {
				BuildIndependentTargetsInParallel = 1;
				LastSwiftUpdateCheck = 1600;
				LastUpgradeCheck = 1600;
				TargetAttributes = {
					B059AF7A2D7CA900003930C7 = {
						CreatedOnToolsVersion = 16.0;
					};
					B059AF8A2D7CA901003930C7 = {
						CreatedOnToolsVersion = 16.0;
						TestTargetID = B059AF7A2D7CA900003930C7;
					};
					B059AF942D7CA901003930C7 = {
						CreatedOnToolsVersion = 16.0;
						TestTargetID = B059AF7A2D7CA900003930C7;
					};
				};
			};
			buildConfigurationList = B059AF762D7CA900003930C7 /* Build configuration list for PBXProject "mistigri_mob" */;
			developmentRegion = en;
			hasScannedForEncodings = 0;
			knownRegions = (
				en,
				Base,
			);
			mainGroup = B059AF722D7CA900003930C7;
			minimizedProjectReferenceProxies = 1;
			preferredProjectObjectVersion = 77;
			productRefGroup = B059AF7C2D7CA900003930C7 /* Products */;
			projectDirPath = "";
			projectRoot = "";
			targets = (
				B059AF7A2D7CA900003930C7 /* mistigri_mob */,
				B059AF8A2D7CA901003930C7 /* mistigri_mobTests */,
				B059AF942D7CA901003930C7 /* mistigri_mobUITests */,
			);
		};
/* End PBXProject section */

/* Begin PBXResourcesBuildPhase section */
		B059AF792D7CA900003930C7 /* Resources */ = {
			isa = PBXResourcesBuildPhase;
			buildActionMask = 2147483647;
			files = (
			);
			runOnlyForDeploymentPostprocessing = 0;
		};
		B059AF892D7CA901003930C7 /* Resources */ = {
			isa = PBXResourcesBuildPhase;
			buildActionMask = 2147483647;
			files = (
			);
			runOnlyForDeploymentPostprocessing = 0;
		};
		B059AF932D7CA901003930C7 /* Resources */ = {
			isa = PBXResourcesBuildPhase;
			buildActionMask = 2147483647;
			files = (
			);
			runOnlyForDeploymentPostprocessing = 0;
		};
/* End PBXResourcesBuildPhase section */

/* Begin PBXSourcesBuildPhase section */
		B059AF772D7CA900003930C7 /* Sources */ = {
			isa = PBXSourcesBuildPhase;
			buildActionMask = 2147483647;
			files = (
			);
			runOnlyForDeploymentPostprocessing = 0;
		};
		B059AF872D7CA901003930C7 /* Sources */ = {
			isa = PBXSourcesBuildPhase;
			buildActionMask = 2147483647;
			files = (
			);
			runOnlyForDeploymentPostprocessing = 0;
		};
		B059AF912D7CA901003930C7 /* Sources */ = {
			isa = PBXSourcesBuildPhase;
			buildActionMask = 2147483647;
			files = (
			);
			runOnlyForDeploymentPostprocessing = 0;
		};
/* End PBXSourcesBuildPhase section */

/* Begin PBXTargetDependency section */
		B059AF8D2D7CA901003930C7 /* PBXTargetDependency */ = {
			isa = PBXTargetDependency;
			target = B059AF7A2D7CA900003930C7 /* mistigri_mob */;
			targetProxy = B059AF8C2D7CA901003930C7 /* PBXContainerItemProxy */;
		};
		B059AF972D7CA901003930C7 /* PBXTargetDependency */ = {
			isa = PBXTargetDependency;
			target = B059AF7A2D7CA900003930C7 /* mistigri_mob */;
			targetProxy = B059AF962D7CA901003930C7 /* PBXContainerItemProxy */;
		};
/* End PBXTargetDependency section */

/* Begin XCBuildConfiguration section */
		B059AF9D2D7CA901003930C7 /* Debug */ = {
			isa = XCBuildConfiguration;
			buildSettings = {
				ALWAYS_SEARCH_USER_PATHS = NO;
				ASSETCATALOG_COMPILER_GENERATE_SWIFT_ASSET_SYMBOL_EXTENSIONS = YES;
				CLANG_ANALYZER_NONNULL = YES;
				CLANG_ANALYZER_NUMBER_OBJECT_CONVERSION = YES_AGGRESSIVE;
				CLANG_CXX_LANGUAGE_STANDARD = "gnu++20";
				CLANG_ENABLE_MODULES = YES;
				CLANG_ENABLE_OBJC_ARC = YES;
				CLANG_ENABLE_OBJC_WEAK = YES;
				CLANG_WARN_BLOCK_CAPTURE_AUTORELEASING = YES;
				CLANG_WARN_BOOL_CONVERSION = YES;
				CLANG_WARN_COMMA = YES;
				CLANG_WARN_CONSTANT_CONVERSION = YES;
				CLANG_WARN_DEPRECATED_OBJC_IMPLEMENTATIONS = YES;
				CLANG_WARN_DIRECT_OBJC_ISA_USAGE = YES_ERROR;
				CLANG_WARN_DOCUMENTATION_COMMENTS = YES;
				CLANG_WARN_EMPTY_BODY = YES;
				CLANG_WARN_ENUM_CONVERSION = YES;
				CLANG_WARN_INFINITE_RECURSION = YES;
				CLANG_WARN_INT_CONVERSION = YES;
				CLANG_WARN_NON_LITERAL_NULL_CONVERSION = YES;
				CLANG_WARN_OBJC_IMPLICIT_RETAIN_SELF = YES;
				CLANG_WARN_OBJC_LITERAL_CONVERSION = YES;
				CLANG_WARN_OBJC_ROOT_CLASS = YES_ERROR;
				CLANG_WARN_QUOTED_INCLUDE_IN_FRAMEWORK_HEADER = YES;
				CLANG_WARN_RANGE_LOOP_ANALYSIS = YES;
				CLANG_WARN_STRICT_PROTOTYPES = YES;
				CLANG_WARN_SUSPICIOUS_MOVE = YES;
				CLANG_WARN_UNGUARDED_AVAILABILITY = YES_AGGRESSIVE;
				CLANG_WARN_UNREACHABLE_CODE = YES;
				CLANG_WARN__DUPLICATE_METHOD_MATCH = YES;
				COPY_PHASE_STRIP = NO;
				DEBUG_INFORMATION_FORMAT = dwarf;
				ENABLE_STRICT_OBJC_MSGSEND = YES;
				ENABLE_TESTABILITY = YES;
				ENABLE_USER_SCRIPT_SANDBOXING = YES;
				GCC_C_LANGUAGE_STANDARD = gnu17;
				GCC_DYNAMIC_NO_PIC = NO;
				GCC_NO_COMMON_BLOCKS = YES;
				GCC_OPTIMIZATION_LEVEL = 0;
				GCC_PREPROCESSOR_DEFINITIONS = (
					"DEBUG=1",
					"$(inherited)",
				);
				GCC_WARN_64_TO_32_BIT_CONVERSION = YES;
				GCC_WARN_ABOUT_RETURN_TYPE = YES_ERROR;
				GCC_WARN_UNDECLARED_SELECTOR = YES;
				GCC_WARN_UNINITIALIZED_AUTOS = YES_AGGRESSIVE;
				GCC_WARN_UNUSED_FUNCTION = YES;
				GCC_WARN_UNUSED_VARIABLE = YES;
				IPHONEOS_DEPLOYMENT_TARGET = 18.0;
				LOCALIZATION_PREFERS_STRING_CATALOGS = YES;
				MTL_ENABLE_DEBUG_INFO = INCLUDE_SOURCE;
				MTL_FAST_MATH = YES;
				ONLY_ACTIVE_ARCH = YES;
				SDKROOT = iphoneos;
				SWIFT_ACTIVE_COMPILATION_CONDITIONS = "DEBUG $(inherited)";
				SWIFT_OPTIMIZATION_LEVEL = "-Onone";
			};
			name = Debug;
		};
		B059AF9E2D7CA901003930C7 /* Release */ = {
			isa = XCBuildConfiguration;
			buildSettings = {
				ALWAYS_SEARCH_USER_PATHS = NO;
				ASSETCATALOG_COMPILER_GENERATE_SWIFT_ASSET_SYMBOL_EXTENSIONS = YES;
				CLANG_ANALYZER_NONNULL = YES;
				CLANG_ANALYZER_NUMBER_OBJECT_CONVERSION = YES_AGGRESSIVE;
				CLANG_CXX_LANGUAGE_STANDARD = "gnu++20";
				CLANG_ENABLE_MODULES = YES;
				CLANG_ENABLE_OBJC_ARC = YES;
				CLANG_ENABLE_OBJC_WEAK = YES;
				CLANG_WARN_BLOCK_CAPTURE_AUTORELEASING = YES;
				CLANG_WARN_BOOL_CONVERSION = YES;
				CLANG_WARN_COMMA = YES;
				CLANG_WARN_CONSTANT_CONVERSION = YES;
				CLANG_WARN_DEPRECATED_OBJC_IMPLEMENTATIONS = YES;
				CLANG_WARN_DIRECT_OBJC_ISA_USAGE = YES_ERROR;
				CLANG_WARN_DOCUMENTATION_COMMENTS = YES;
				CLANG_WARN_EMPTY_BODY = YES;
				CLANG_WARN_ENUM_CONVERSION = YES;
				CLANG_WARN_INFINITE_RECURSION = YES;
				CLANG_WARN_INT_CONVERSION = YES;
				CLANG_WARN_NON_LITERAL_NULL_CONVERSION = YES;
				CLANG_WARN_OBJC_IMPLICIT_RETAIN_SELF = YES;
				CLANG_WARN_OBJC_LITERAL_CONVERSION = YES;
				CLANG_WARN_OBJC_ROOT_CLASS = YES_ERROR;
				CLANG_WARN_QUOTED_INCLUDE_IN_FRAMEWORK_HEADER = YES;
				CLANG_WARN_RANGE_LOOP_ANALYSIS = YES;
				CLANG_WARN_STRICT_PROTOTYPES = YES;
				CLANG_WARN_SUSPICIOUS_MOVE = YES;
				CLANG_WARN_UNGUARDED_AVAILABILITY = YES_AGGRESSIVE;
				CLANG_WARN_UNREACHABLE_CODE = YES;
				CLANG_WARN__DUPLICATE_METHOD_MATCH = YES;
				COPY_PHASE_STRIP = NO;
				DEBUG_INFORMATION_FORMAT = "dwarf-with-dsym";
				ENABLE_NS_ASSERTIONS = NO;
				ENABLE_STRICT_OBJC_MSGSEND = YES;
				ENABLE_USER_SCRIPT_SANDBOXING = YES;
				GCC_C_LANGUAGE_STANDARD = gnu17;
				GCC_NO_COMMON_BLOCKS = YES;
				GCC_WARN_64_TO_32_BIT_CONVERSION = YES;
				GCC_WARN_ABOUT_RETURN_TYPE = YES_ERROR;
				GCC_WARN_UNDECLARED_SELECTOR = YES;
				GCC_WARN_UNINITIALIZED_AUTOS = YES_AGGRESSIVE;
				GCC_WARN_UNUSED_FUNCTION = YES;
				GCC_WARN_UNUSED_VARIABLE = YES;
				IPHONEOS_DEPLOYMENT_TARGET = 18.0;
				LOCALIZATION_PREFERS_STRING_CATALOGS = YES;
				MTL_ENABLE_DEBUG_INFO = NO;
				MTL_FAST_MATH = YES;
				SDKROOT = iphoneos;
				SWIFT_COMPILATION_MODE = wholemodule;
				VALIDATE_PRODUCT = YES;
			};
			name = Release;
		};
		B059AFA02D7CA901003930C7 /* Debug */ = {
			isa = XCBuildConfiguration;
			buildSettings = {
				ASSETCATALOG_COMPILER_APPICON_NAME = AppIcon;
				ASSETCATALOG_COMPILER_GLOBAL_ACCENT_COLOR_NAME = AccentColor;
				CODE_SIGN_STYLE = Automatic;
				CURRENT_PROJECT_VERSION = 1;
				DEVELOPMENT_ASSET_PATHS = "\"mistigri_mob/Preview Content\"";
				ENABLE_PREVIEWS = YES;
				GENERATE_INFOPLIST_FILE = YES;
				INFOPLIST_KEY_UIApplicationSceneManifest_Generation = YES;
				INFOPLIST_KEY_UIApplicationSupportsIndirectInputEvents = YES;
				INFOPLIST_KEY_UILaunchScreen_Generation = YES;
				INFOPLIST_KEY_UISupportedInterfaceOrientations_iPad = "UIInterfaceOrientationPortrait UIInterfaceOrientationPortraitUpsideDown UIInterfaceOrientationLandscapeLeft UIInterfaceOrientationLandscapeRight";
				INFOPLIST_KEY_UISupportedInterfaceOrientations_iPhone = "UIInterfaceOrientationPortrait UIInterfaceOrientationLandscapeLeft UIInterfaceOrientationLandscapeRight";
				LD_RUNPATH_SEARCH_PATHS = (
					"$(inherited)",
					"@executable_path/Frameworks",
				);
				MARKETING_VERSION = 1.0;
				PRODUCT_BUNDLE_IDENTIFIER = "com.awi.mistigri-mob";
				PRODUCT_NAME = "$(TARGET_NAME)";
				SWIFT_EMIT_LOC_STRINGS = YES;
				SWIFT_VERSION = 5.0;
				TARGETED_DEVICE_FAMILY = "1,2";
			};
			name = Debug;
		};
		B059AFA12D7CA901003930C7 /* Release */ = {
			isa = XCBuildConfiguration;
			buildSettings = {
				ASSETCATALOG_COMPILER_APPICON_NAME = AppIcon;
				ASSETCATALOG_COMPILER_GLOBAL_ACCENT_COLOR_NAME = AccentColor;
				CODE_SIGN_STYLE = Automatic;
				CURRENT_PROJECT_VERSION = 1;
				DEVELOPMENT_ASSET_PATHS = "\"mistigri_mob/Preview Content\"";
				ENABLE_PREVIEWS = YES;
				GENERATE_INFOPLIST_FILE = YES;
				INFOPLIST_KEY_UIApplicationSceneManifest_Generation = YES;
				INFOPLIST_KEY_UIApplicationSupportsIndirectInputEvents = YES;
				INFOPLIST_KEY_UILaunchScreen_Generation = YES;
				INFOPLIST_KEY_UISupportedInterfaceOrientations_iPad = "UIInterfaceOrientationPortrait UIInterfaceOrientationPortraitUpsideDown UIInterfaceOrientationLandscapeLeft UIInterfaceOrientationLandscapeRight";
				INFOPLIST_KEY_UISupportedInterfaceOrientations_iPhone = "UIInterfaceOrientationPortrait UIInterfaceOrientationLandscapeLeft UIInterfaceOrientationLandscapeRight";
				LD_RUNPATH_SEARCH_PATHS = (
					"$(inherited)",
					"@executable_path/Frameworks",
				);
				MARKETING_VERSION = 1.0;
				PRODUCT_BUNDLE_IDENTIFIER = "com.awi.mistigri-mob";
				PRODUCT_NAME = "$(TARGET_NAME)";
				SWIFT_EMIT_LOC_STRINGS = YES;
				SWIFT_VERSION = 5.0;
				TARGETED_DEVICE_FAMILY = "1,2";
			};
			name = Release;
		};
		B059AFA32D7CA901003930C7 /* Debug */ = {
			isa = XCBuildConfiguration;
			buildSettings = {
				BUNDLE_LOADER = "$(TEST_HOST)";
				CODE_SIGN_STYLE = Automatic;
				CURRENT_PROJECT_VERSION = 1;
				GENERATE_INFOPLIST_FILE = YES;
				IPHONEOS_DEPLOYMENT_TARGET = 18.0;
				MARKETING_VERSION = 1.0;
				PRODUCT_BUNDLE_IDENTIFIER = "com.awi.mistigri-mobTests";
				PRODUCT_NAME = "$(TARGET_NAME)";
				SWIFT_EMIT_LOC_STRINGS = NO;
				SWIFT_VERSION = 5.0;
				TARGETED_DEVICE_FAMILY = "1,2";
				TEST_HOST = "$(BUILT_PRODUCTS_DIR)/mistigri_mob.app/$(BUNDLE_EXECUTABLE_FOLDER_PATH)/mistigri_mob";
			};
			name = Debug;
		};
		B059AFA42D7CA901003930C7 /* Release */ = {
			isa = XCBuildConfiguration;
			buildSettings = {
				BUNDLE_LOADER = "$(TEST_HOST)";
				CODE_SIGN_STYLE = Automatic;
				CURRENT_PROJECT_VERSION = 1;
				GENERATE_INFOPLIST_FILE = YES;
				IPHONEOS_DEPLOYMENT_TARGET = 18.0;
				MARKETING_VERSION = 1.0;
				PRODUCT_BUNDLE_IDENTIFIER = "com.awi.mistigri-mobTests";
				PRODUCT_NAME = "$(TARGET_NAME)";
				SWIFT_EMIT_LOC_STRINGS = NO;
				SWIFT_VERSION = 5.0;
				TARGETED_DEVICE_FAMILY = "1,2";
				TEST_HOST = "$(BUILT_PRODUCTS_DIR)/mistigri_mob.app/$(BUNDLE_EXECUTABLE_FOLDER_PATH)/mistigri_mob";
			};
			name = Release;
		};
		B059AFA62D7CA901003930C7 /* Debug */ = {
			isa = XCBuildConfiguration;
			buildSettings = {
				CODE_SIGN_STYLE = Automatic;
				CURRENT_PROJECT_VERSION = 1;
				GENERATE_INFOPLIST_FILE = YES;
				MARKETING_VERSION = 1.0;
				PRODUCT_BUNDLE_IDENTIFIER = "com.awi.mistigri-mobUITests";
				PRODUCT_NAME = "$(TARGET_NAME)";
				SWIFT_EMIT_LOC_STRINGS = NO;
				SWIFT_VERSION = 5.0;
				TARGETED_DEVICE_FAMILY = "1,2";
				TEST_TARGET_NAME = mistigri_mob;
			};
			name = Debug;
		};
		B059AFA72D7CA901003930C7 /* Release */ = {
			isa = XCBuildConfiguration;
			buildSettings = {
				CODE_SIGN_STYLE = Automatic;
				CURRENT_PROJECT_VERSION = 1;
				GENERATE_INFOPLIST_FILE = YES;
				MARKETING_VERSION = 1.0;
				PRODUCT_BUNDLE_IDENTIFIER = "com.awi.mistigri-mobUITests";
				PRODUCT_NAME = "$(TARGET_NAME)";
				SWIFT_EMIT_LOC_STRINGS = NO;
				SWIFT_VERSION = 5.0;
				TARGETED_DEVICE_FAMILY = "1,2";
				TEST_TARGET_NAME = mistigri_mob;
			};
			name = Release;
		};
/* End XCBuildConfiguration section */

/* Begin XCConfigurationList section */
		B059AF762D7CA900003930C7 /* Build configuration list for PBXProject "mistigri_mob" */ = {
			isa = XCConfigurationList;
			buildConfigurations = (
				B059AF9D2D7CA901003930C7 /* Debug */,
				B059AF9E2D7CA901003930C7 /* Release */,
			);
			defaultConfigurationIsVisible = 0;
			defaultConfigurationName = Release;
		};
		B059AF9F2D7CA901003930C7 /* Build configuration list for PBXNativeTarget "mistigri_mob" */ = {
			isa = XCConfigurationList;
			buildConfigurations = (
				B059AFA02D7CA901003930C7 /* Debug */,
				B059AFA12D7CA901003930C7 /* Release */,
			);
			defaultConfigurationIsVisible = 0;
			defaultConfigurationName = Release;
		};
		B059AFA22D7CA901003930C7 /* Build configuration list for PBXNativeTarget "mistigri_mobTests" */ = {
			isa = XCConfigurationList;
			buildConfigurations = (
				B059AFA32D7CA901003930C7 /* Debug */,
				B059AFA42D7CA901003930C7 /* Release */,
			);
			defaultConfigurationIsVisible = 0;
			defaultConfigurationName = Release;
		};
		B059AFA52D7CA901003930C7 /* Build configuration list for PBXNativeTarget "mistigri_mobUITests" */ = {
			isa = XCConfigurationList;
			buildConfigurations = (
				B059AFA62D7CA901003930C7 /* Debug */,
				B059AFA72D7CA901003930C7 /* Release */,
			);
			defaultConfigurationIsVisible = 0;
			defaultConfigurationName = Release;
		};
/* End XCConfigurationList section */
	};
	rootObject = B059AF732D7CA900003930C7 /* Project object */;
}
